
Microsoft Visual Studio Solution File, Format Version 12.00
# Visual Studio 15
VisualStudioVersion = 15.0.28307.1684
MinimumVisualStudioVersion = 10.0.40219.1
Project("{8BC9CEB8-8B4A-11D0-8D11-00A0C91BC942}") = "11. X보다 작은 수", "11. X보다 작은 수.vcxproj", "{11B716A3-1873-4666-929D-7F5526575F0B}"
EndProject
Global
	GlobalSection(SolutionConfigurationPlatforms) = preSolution
		Debug|x64 = Debug|x64
		Debug|x86 = Debug|x86
		Release|x64 = Release|x64
		Release|x86 = Release|x86
	EndGlobalSection
	GlobalSection(ProjectConfigurationPlatforms) = postSolution
		{11B716A3-1873-4666-929D-7F5526575F0B}.Debug|x64.ActiveCfg = Debug|x64
		{11B716A3-1873-4666-929D-7F5526575F0B}.Debug|x64.Build.0 = Debug|x64
		{11B716A3-1873-4666-929D-7F5526575F0B}.Debug|x86.ActiveCfg = Debug|Win32
		{11B716A3-1873-4666-929D-7F5526575F0B}.Debug|x86.Build.0 = Debug|Win32
		{11B716A3-1873-4666-929D-7F5526575F0B}.Release|x64.ActiveCfg = Release|x64
		{11B716A3-1873-4666-929D-7F5526575F0B}.Release|x64.Build.0 = Release|x64
		{11B716A3-1873-4666-929D-7F5526575F0B}.Release|x86.ActiveCfg = Release|Win32
		{11B716A3-1873-4666-929D-7F5526575F0B}.Release|x86.Build.0 = Release|Win32
	EndGlobalSection
	GlobalSection(SolutionProperties) = preSolution
		HideSolutionNode = FALSE
	EndGlobalSection
	GlobalSection(ExtensibilityGlobals) = postSolution
		SolutionGuid = {BD35CC38-D6C3-4491-A430-C4EC4D7D38BF}
	EndGlobalSection
EndGlobal
