
Microsoft Visual Studio Solution File, Format Version 12.00
# Visual Studio 15
VisualStudioVersion = 15.0.28307.1684
MinimumVisualStudioVersion = 10.0.40219.1
Project("{8BC9CEB8-8B4A-11D0-8D11-00A0C91BC942}") = "12. A+B-5", "12. A+B-5.vcxproj", "{CEA863C5-E88C-4ADE-95C7-01A0521C9777}"
EndProject
Global
	GlobalSection(SolutionConfigurationPlatforms) = preSolution
		Debug|x64 = Debug|x64
		Debug|x86 = Debug|x86
		Release|x64 = Release|x64
		Release|x86 = Release|x86
	EndGlobalSection
	GlobalSection(ProjectConfigurationPlatforms) = postSolution
		{CEA863C5-E88C-4ADE-95C7-01A0521C9777}.Debug|x64.ActiveCfg = Debug|x64
		{CEA863C5-E88C-4ADE-95C7-01A0521C9777}.Debug|x64.Build.0 = Debug|x64
		{CEA863C5-E88C-4ADE-95C7-01A0521C9777}.Debug|x86.ActiveCfg = Debug|Win32
		{CEA863C5-E88C-4ADE-95C7-01A0521C9777}.Debug|x86.Build.0 = Debug|Win32
		{CEA863C5-E88C-4ADE-95C7-01A0521C9777}.Release|x64.ActiveCfg = Release|x64
		{CEA863C5-E88C-4ADE-95C7-01A0521C9777}.Release|x64.Build.0 = Release|x64
		{CEA863C5-E88C-4ADE-95C7-01A0521C9777}.Release|x86.ActiveCfg = Release|Win32
		{CEA863C5-E88C-4ADE-95C7-01A0521C9777}.Release|x86.Build.0 = Release|Win32
	EndGlobalSection
	GlobalSection(SolutionProperties) = preSolution
		HideSolutionNode = FALSE
	EndGlobalSection
	GlobalSection(ExtensibilityGlobals) = postSolution
		SolutionGuid = {FC5E9C73-8288-480A-B465-D4B13D8AAA9A}
	EndGlobalSection
EndGlobal
