
Microsoft Visual Studio Solution File, Format Version 12.00
# Visual Studio 15
VisualStudioVersion = 15.0.28307.1684
MinimumVisualStudioVersion = 10.0.40219.1
Project("{8BC9CEB8-8B4A-11D0-8D11-00A0C91BC942}") = "10869", "10869.vcxproj", "{FB034B25-FC35-4385-9698-C00783D28882}"
EndProject
Global
	GlobalSection(SolutionConfigurationPlatforms) = preSolution
		Debug|x64 = Debug|x64
		Debug|x86 = Debug|x86
		Release|x64 = Release|x64
		Release|x86 = Release|x86
	EndGlobalSection
	GlobalSection(ProjectConfigurationPlatforms) = postSolution
		{FB034B25-FC35-4385-9698-C00783D28882}.Debug|x64.ActiveCfg = Debug|x64
		{FB034B25-FC35-4385-9698-C00783D28882}.Debug|x64.Build.0 = Debug|x64
		{FB034B25-FC35-4385-9698-C00783D28882}.Debug|x86.ActiveCfg = Debug|Win32
		{FB034B25-FC35-4385-9698-C00783D28882}.Debug|x86.Build.0 = Debug|Win32
		{FB034B25-FC35-4385-9698-C00783D28882}.Release|x64.ActiveCfg = Release|x64
		{FB034B25-FC35-4385-9698-C00783D28882}.Release|x64.Build.0 = Release|x64
		{FB034B25-FC35-4385-9698-C00783D28882}.Release|x86.ActiveCfg = Release|Win32
		{FB034B25-FC35-4385-9698-C00783D28882}.Release|x86.Build.0 = Release|Win32
	EndGlobalSection
	GlobalSection(SolutionProperties) = preSolution
		HideSolutionNode = FALSE
	EndGlobalSection
	GlobalSection(ExtensibilityGlobals) = postSolution
		SolutionGuid = {4A2F2BB8-D30D-4721-A1E5-8FCCDA6D0C03}
	EndGlobalSection
EndGlobal
