
Microsoft Visual Studio Solution File, Format Version 12.00
# Visual Studio 15
VisualStudioVersion = 15.0.28307.1684
MinimumVisualStudioVersion = 10.0.40219.1
Project("{8BC9CEB8-8B4A-11D0-8D11-00A0C91BC942}") = "4. 사분면 고르기", "4. 사분면 고르기.vcxproj", "{41CA2CF0-A577-48FF-8C40-33755085EFB9}"
EndProject
Global
	GlobalSection(SolutionConfigurationPlatforms) = preSolution
		Debug|x64 = Debug|x64
		Debug|x86 = Debug|x86
		Release|x64 = Release|x64
		Release|x86 = Release|x86
	EndGlobalSection
	GlobalSection(ProjectConfigurationPlatforms) = postSolution
		{41CA2CF0-A577-48FF-8C40-33755085EFB9}.Debug|x64.ActiveCfg = Debug|x64
		{41CA2CF0-A577-48FF-8C40-33755085EFB9}.Debug|x64.Build.0 = Debug|x64
		{41CA2CF0-A577-48FF-8C40-33755085EFB9}.Debug|x86.ActiveCfg = Debug|Win32
		{41CA2CF0-A577-48FF-8C40-33755085EFB9}.Debug|x86.Build.0 = Debug|Win32
		{41CA2CF0-A577-48FF-8C40-33755085EFB9}.Release|x64.ActiveCfg = Release|x64
		{41CA2CF0-A577-48FF-8C40-33755085EFB9}.Release|x64.Build.0 = Release|x64
		{41CA2CF0-A577-48FF-8C40-33755085EFB9}.Release|x86.ActiveCfg = Release|Win32
		{41CA2CF0-A577-48FF-8C40-33755085EFB9}.Release|x86.Build.0 = Release|Win32
	EndGlobalSection
	GlobalSection(SolutionProperties) = preSolution
		HideSolutionNode = FALSE
	EndGlobalSection
	GlobalSection(ExtensibilityGlobals) = postSolution
		SolutionGuid = {F53DE311-93BE-4E37-AB84-9DB8E8E31B79}
	EndGlobalSection
EndGlobal
