
Microsoft Visual Studio Solution File, Format Version 12.00
# Visual Studio 15
VisualStudioVersion = 15.0.28307.1684
MinimumVisualStudioVersion = 10.0.40219.1
Project("{8BC9CEB8-8B4A-11D0-8D11-00A0C91BC942}") = "2. 시험 성적", "2. 시험 성적.vcxproj", "{1B3F97E9-F97D-4B6E-A0C9-3A2027E03D22}"
EndProject
Global
	GlobalSection(SolutionConfigurationPlatforms) = preSolution
		Debug|x64 = Debug|x64
		Debug|x86 = Debug|x86
		Release|x64 = Release|x64
		Release|x86 = Release|x86
	EndGlobalSection
	GlobalSection(ProjectConfigurationPlatforms) = postSolution
		{1B3F97E9-F97D-4B6E-A0C9-3A2027E03D22}.Debug|x64.ActiveCfg = Debug|x64
		{1B3F97E9-F97D-4B6E-A0C9-3A2027E03D22}.Debug|x64.Build.0 = Debug|x64
		{1B3F97E9-F97D-4B6E-A0C9-3A2027E03D22}.Debug|x86.ActiveCfg = Debug|Win32
		{1B3F97E9-F97D-4B6E-A0C9-3A2027E03D22}.Debug|x86.Build.0 = Debug|Win32
		{1B3F97E9-F97D-4B6E-A0C9-3A2027E03D22}.Release|x64.ActiveCfg = Release|x64
		{1B3F97E9-F97D-4B6E-A0C9-3A2027E03D22}.Release|x64.Build.0 = Release|x64
		{1B3F97E9-F97D-4B6E-A0C9-3A2027E03D22}.Release|x86.ActiveCfg = Release|Win32
		{1B3F97E9-F97D-4B6E-A0C9-3A2027E03D22}.Release|x86.Build.0 = Release|Win32
	EndGlobalSection
	GlobalSection(SolutionProperties) = preSolution
		HideSolutionNode = FALSE
	EndGlobalSection
	GlobalSection(ExtensibilityGlobals) = postSolution
		SolutionGuid = {CC51DCE5-86FB-412F-BAED-9EE9D684FD50}
	EndGlobalSection
EndGlobal
