
Microsoft Visual Studio Solution File, Format Version 12.00
# Visual Studio 15
VisualStudioVersion = 15.0.28307.1684
MinimumVisualStudioVersion = 10.0.40219.1
Project("{8BC9CEB8-8B4A-11D0-8D11-00A0C91BC942}") = "2798", "2798\2798.vcxproj", "{AC962896-2161-4D6F-BB08-83834A872239}"
EndProject
Global
	GlobalSection(SolutionConfigurationPlatforms) = preSolution
		Debug|x64 = Debug|x64
		Debug|x86 = Debug|x86
		Release|x64 = Release|x64
		Release|x86 = Release|x86
	EndGlobalSection
	GlobalSection(ProjectConfigurationPlatforms) = postSolution
		{AC962896-2161-4D6F-BB08-83834A872239}.Debug|x64.ActiveCfg = Debug|x64
		{AC962896-2161-4D6F-BB08-83834A872239}.Debug|x64.Build.0 = Debug|x64
		{AC962896-2161-4D6F-BB08-83834A872239}.Debug|x86.ActiveCfg = Debug|Win32
		{AC962896-2161-4D6F-BB08-83834A872239}.Debug|x86.Build.0 = Debug|Win32
		{AC962896-2161-4D6F-BB08-83834A872239}.Release|x64.ActiveCfg = Release|x64
		{AC962896-2161-4D6F-BB08-83834A872239}.Release|x64.Build.0 = Release|x64
		{AC962896-2161-4D6F-BB08-83834A872239}.Release|x86.ActiveCfg = Release|Win32
		{AC962896-2161-4D6F-BB08-83834A872239}.Release|x86.Build.0 = Release|Win32
	EndGlobalSection
	GlobalSection(SolutionProperties) = preSolution
		HideSolutionNode = FALSE
	EndGlobalSection
	GlobalSection(ExtensibilityGlobals) = postSolution
		SolutionGuid = {87F3F70E-01F8-4720-A0C8-7BD55EB455F8}
	EndGlobalSection
EndGlobal
